
Microsoft Visual Studio Solution File, Format Version 12.00
# Visual Studio 15
Project("{FAE04EC0-301F-11D3-BF4B-00C04F79EFBC}") = "UnityEngine.TestRunner", "UnityEngine.TestRunner.csproj", "{645D6C6C-E8E8-CCC3-B0F2-DAD3D16A3EAE}"
EndProject
Project("{FAE04EC0-301F-11D3-BF4B-00C04F79EFBC}") = "Unity.Mathematics", "Unity.Mathematics.csproj", "{0EF60F0A-071A-236F-E04C-B74BDEDA7A60}"
EndProject
Project("{FAE04EC0-301F-11D3-BF4B-00C04F79EFBC}") = "Unity.2D.Animation.Triangle.Runtime", "Unity.2D.Animation.Triangle.Runtime.csproj", "{99D42C7B-7982-A662-5838-0C69D2B4E635}"
EndProject
Project("{FAE04EC0-301F-11D3-BF4B-00C04F79EFBC}") = "Unity.Timeline", "Unity.Timeline.csproj", "{ACB224E3-ACF7-AEE4-FF7E-7AC9AC3E728F}"
EndProject
Project("{FAE04EC0-301F-11D3-BF4B-00C04F79EFBC}") = "Unity.TextMeshPro", "Unity.TextMeshPro.csproj", "{4BAEF5FB-2632-C466-B1F8-9F728483644F}"
EndProject
Project("{FAE04EC0-301F-11D3-BF4B-00C04F79EFBC}") = "Unity.2D.Animation.Runtime", "Unity.2D.Animation.Runtime.csproj", "{E6AD5D8C-85C3-8638-2E4F-B14B60DE367F}"
EndProject
Project("{FAE04EC0-301F-11D3-BF4B-00C04F79EFBC}") = "Unity.2D.IK.Runtime", "Unity.2D.IK.Runtime.csproj", "{4C496B25-886B-8C84-4478-0BAC911E29C5}"
EndProject
Project("{FAE04EC0-301F-11D3-BF4B-00C04F79EFBC}") = "Unity.2D.SpriteShape.Runtime", "Unity.2D.SpriteShape.Runtime.csproj", "{331A75FC-E5EF-B4EA-CF73-6FB9015BAA8A}"
EndProject
Project("{FAE04EC0-301F-11D3-BF4B-00C04F79EFBC}") = "Unity.2D.PixelPerfect", "Unity.2D.PixelPerfect.csproj", "{05B3B583-CBF0-CD0B-3D0A-8C4FF6699C8F}"
EndProject
Project("{FAE04EC0-301F-11D3-BF4B-00C04F79EFBC}") = "Assembly-CSharp", "Assembly-CSharp.csproj", "{1298EA32-AF3D-D0F7-025A-1148EB4277F7}"
EndProject
Project("{FAE04EC0-301F-11D3-BF4B-00C04F79EFBC}") = "Unity.2D.Common.Runtime", "Unity.2D.Common.Runtime.csproj", "{C85B4233-B6E2-BDEC-68A9-D867B682FBEB}"
EndProject
Project("{FAE04EC0-301F-11D3-BF4B-00C04F79EFBC}") = "Unity.InternalAPIEngineBridge.001", "Unity.InternalAPIEngineBridge.001.csproj", "{238557A6-C14B-1ABD-27E6-E8EAEA795296}"
EndProject
Project("{FAE04EC0-301F-11D3-BF4B-00C04F79EFBC}") = "UnityEditor.TestRunner", "UnityEditor.TestRunner.csproj", "{6F135E9C-8A2E-82F4-6010-79CC8118DA3C}"
EndProject
Project("{FAE04EC0-301F-11D3-BF4B-00C04F79EFBC}") = "Unity.PlasticSCM.Editor", "Unity.PlasticSCM.Editor.csproj", "{4BB47102-357A-B4D2-D3C0-9FF87D6B284A}"
EndProject
Project("{FAE04EC0-301F-11D3-BF4B-00C04F79EFBC}") = "Unity.Services.Core.Editor", "Unity.Services.Core.Editor.csproj", "{40C131E3-9301-FF18-79F2-8F7A22721962}"
EndProject
Project("{FAE04EC0-301F-11D3-BF4B-00C04F79EFBC}") = "Unity.Timeline.Editor", "Unity.Timeline.Editor.csproj", "{BED731A8-02B5-F803-D3E1-EC8FBDE0B993}"
EndProject
Project("{FAE04EC0-301F-11D3-BF4B-00C04F79EFBC}") = "Unity.VisualStudio.Editor", "Unity.VisualStudio.Editor.csproj", "{F546562B-43DE-558E-8A87-94B1335BB461}"
EndProject
Project("{FAE04EC0-301F-11D3-BF4B-00C04F79EFBC}") = "Unity.2D.Psdimporter.Editor", "Unity.2D.Psdimporter.Editor.csproj", "{420F4C26-44A0-81D2-1936-AF6975D5C90A}"
EndProject
Project("{FAE04EC0-301F-11D3-BF4B-00C04F79EFBC}") = "Unity.2D.Animation.Editor", "Unity.2D.Animation.Editor.csproj", "{2DBEE030-C52D-86DC-011C-9E6CD6948ADC}"
EndProject
Project("{FAE04EC0-301F-11D3-BF4B-00C04F79EFBC}") = "Unity.TextMeshPro.Editor", "Unity.TextMeshPro.Editor.csproj", "{FF93B054-DC4C-3D66-BDE8-9EABA9776044}"
EndProject
Project("{FAE04EC0-301F-11D3-BF4B-00C04F79EFBC}") = "Unity.2D.SpriteShape.Editor", "Unity.2D.SpriteShape.Editor.csproj", "{4CBC0B4E-AD9A-4DC9-7228-9E34A95A5F34}"
EndProject
Project("{FAE04EC0-301F-11D3-BF4B-00C04F79EFBC}") = "Unity.CollabProxy.Editor", "Unity.CollabProxy.Editor.csproj", "{E4803E3C-88FB-ACC9-4636-9EE93A2655CF}"
EndProject
Project("{FAE04EC0-301F-11D3-BF4B-00C04F79EFBC}") = "PsdPlugin", "PsdPlugin.csproj", "{0C201DB0-BBE1-669F-52D0-D90E754073E0}"
EndProject
Project("{FAE04EC0-301F-11D3-BF4B-00C04F79EFBC}") = "Unity.2D.Path.Editor", "Unity.2D.Path.Editor.csproj", "{6B42CB08-595A-CB41-4965-F377EB9EBDA9}"
EndProject
Project("{FAE04EC0-301F-11D3-BF4B-00C04F79EFBC}") = "Unity.Rider.Editor", "Unity.Rider.Editor.csproj", "{B4E28158-B813-C00E-E491-9FA155A8BA64}"
EndProject
Project("{FAE04EC0-301F-11D3-BF4B-00C04F79EFBC}") = "Unity.2D.IK.Editor", "Unity.2D.IK.Editor.csproj", "{304AE25E-AF8C-948C-BC45-37310FDD4F43}"
EndProject
Project("{FAE04EC0-301F-11D3-BF4B-00C04F79EFBC}") = "Unity.2D.PixelPerfect.Editor", "Unity.2D.PixelPerfect.Editor.csproj", "{12F33162-6943-B74D-59C6-93B4663C0499}"
EndProject
Project("{FAE04EC0-301F-11D3-BF4B-00C04F79EFBC}") = "Unity.VSCode.Editor", "Unity.VSCode.Editor.csproj", "{5052076F-6664-C7F5-EE8E-1E6C19BD35BF}"
EndProject
Project("{FAE04EC0-301F-11D3-BF4B-00C04F79EFBC}") = "Unity.2D.Common.Editor", "Unity.2D.Common.Editor.csproj", "{57582067-6C8B-E26F-E54A-B3BB6900CB6D}"
EndProject
Project("{FAE04EC0-301F-11D3-BF4B-00C04F79EFBC}") = "Unity.Mathematics.Editor", "Unity.Mathematics.Editor.csproj", "{FDE9B69F-F390-5AD6-78D3-C4EF33B7A187}"
EndProject
Project("{FAE04EC0-301F-11D3-BF4B-00C04F79EFBC}") = "Unity.InternalAPIEditorBridge.001", "Unity.InternalAPIEditorBridge.001.csproj", "{78B00993-8E5E-CDD5-CD90-4223790E37DE}"
EndProject
Global
	GlobalSection(SolutionConfigurationPlatforms) = preSolution
		Debug|Any CPU = Debug|Any CPU
		Release|Any CPU = Release|Any CPU
	EndGlobalSection
	GlobalSection(ProjectConfigurationPlatforms) = postSolution
		{645D6C6C-E8E8-CCC3-B0F2-DAD3D16A3EAE}.Debug|Any CPU.ActiveCfg = Debug|Any CPU
		{645D6C6C-E8E8-CCC3-B0F2-DAD3D16A3EAE}.Debug|Any CPU.Build.0 = Debug|Any CPU
		{645D6C6C-E8E8-CCC3-B0F2-DAD3D16A3EAE}.Release|Any CPU.ActiveCfg = Release|Any CPU
		{645D6C6C-E8E8-CCC3-B0F2-DAD3D16A3EAE}.Release|Any CPU.Build.0 = Release|Any CPU
		{0EF60F0A-071A-236F-E04C-B74BDEDA7A60}.Debug|Any CPU.ActiveCfg = Debug|Any CPU
		{0EF60F0A-071A-236F-E04C-B74BDEDA7A60}.Debug|Any CPU.Build.0 = Debug|Any CPU
		{0EF60F0A-071A-236F-E04C-B74BDEDA7A60}.Release|Any CPU.ActiveCfg = Release|Any CPU
		{0EF60F0A-071A-236F-E04C-B74BDEDA7A60}.Release|Any CPU.Build.0 = Release|Any CPU
		{99D42C7B-7982-A662-5838-0C69D2B4E635}.Debug|Any CPU.ActiveCfg = Debug|Any CPU
		{99D42C7B-7982-A662-5838-0C69D2B4E635}.Debug|Any CPU.Build.0 = Debug|Any CPU
		{99D42C7B-7982-A662-5838-0C69D2B4E635}.Release|Any CPU.ActiveCfg = Release|Any CPU
		{99D42C7B-7982-A662-5838-0C69D2B4E635}.Release|Any CPU.Build.0 = Release|Any CPU
		{ACB224E3-ACF7-AEE4-FF7E-7AC9AC3E728F}.Debug|Any CPU.ActiveCfg = Debug|Any CPU
		{ACB224E3-ACF7-AEE4-FF7E-7AC9AC3E728F}.Debug|Any CPU.Build.0 = Debug|Any CPU
		{ACB224E3-ACF7-AEE4-FF7E-7AC9AC3E728F}.Release|Any CPU.ActiveCfg = Release|Any CPU
		{ACB224E3-ACF7-AEE4-FF7E-7AC9AC3E728F}.Release|Any CPU.Build.0 = Release|Any CPU
		{4BAEF5FB-2632-C466-B1F8-9F728483644F}.Debug|Any CPU.ActiveCfg = Debug|Any CPU
		{4BAEF5FB-2632-C466-B1F8-9F728483644F}.Debug|Any CPU.Build.0 = Debug|Any CPU
		{4BAEF5FB-2632-C466-B1F8-9F728483644F}.Release|Any CPU.ActiveCfg = Release|Any CPU
		{4BAEF5FB-2632-C466-B1F8-9F728483644F}.Release|Any CPU.Build.0 = Release|Any CPU
		{E6AD5D8C-85C3-8638-2E4F-B14B60DE367F}.Debug|Any CPU.ActiveCfg = Debug|Any CPU
		{E6AD5D8C-85C3-8638-2E4F-B14B60DE367F}.Debug|Any CPU.Build.0 = Debug|Any CPU
		{E6AD5D8C-85C3-8638-2E4F-B14B60DE367F}.Release|Any CPU.ActiveCfg = Release|Any CPU
		{E6AD5D8C-85C3-8638-2E4F-B14B60DE367F}.Release|Any CPU.Build.0 = Release|Any CPU
		{4C496B25-886B-8C84-4478-0BAC911E29C5}.Debug|Any CPU.ActiveCfg = Debug|Any CPU
		{4C496B25-886B-8C84-4478-0BAC911E29C5}.Debug|Any CPU.Build.0 = Debug|Any CPU
		{4C496B25-886B-8C84-4478-0BAC911E29C5}.Release|Any CPU.ActiveCfg = Release|Any CPU
		{4C496B25-886B-8C84-4478-0BAC911E29C5}.Release|Any CPU.Build.0 = Release|Any CPU
		{331A75FC-E5EF-B4EA-CF73-6FB9015BAA8A}.Debug|Any CPU.ActiveCfg = Debug|Any CPU
		{331A75FC-E5EF-B4EA-CF73-6FB9015BAA8A}.Debug|Any CPU.Build.0 = Debug|Any CPU
		{331A75FC-E5EF-B4EA-CF73-6FB9015BAA8A}.Release|Any CPU.ActiveCfg = Release|Any CPU
		{331A75FC-E5EF-B4EA-CF73-6FB9015BAA8A}.Release|Any CPU.Build.0 = Release|Any CPU
		{05B3B583-CBF0-CD0B-3D0A-8C4FF6699C8F}.Debug|Any CPU.ActiveCfg = Debug|Any CPU
		{05B3B583-CBF0-CD0B-3D0A-8C4FF6699C8F}.Debug|Any CPU.Build.0 = Debug|Any CPU
		{05B3B583-CBF0-CD0B-3D0A-8C4FF6699C8F}.Release|Any CPU.ActiveCfg = Release|Any CPU
		{05B3B583-CBF0-CD0B-3D0A-8C4FF6699C8F}.Release|Any CPU.Build.0 = Release|Any CPU
		{1298EA32-AF3D-D0F7-025A-1148EB4277F7}.Debug|Any CPU.ActiveCfg = Debug|Any CPU
		{1298EA32-AF3D-D0F7-025A-1148EB4277F7}.Debug|Any CPU.Build.0 = Debug|Any CPU
		{1298EA32-AF3D-D0F7-025A-1148EB4277F7}.Release|Any CPU.ActiveCfg = Release|Any CPU
		{1298EA32-AF3D-D0F7-025A-1148EB4277F7}.Release|Any CPU.Build.0 = Release|Any CPU
		{C85B4233-B6E2-BDEC-68A9-D867B682FBEB}.Debug|Any CPU.ActiveCfg = Debug|Any CPU
		{C85B4233-B6E2-BDEC-68A9-D867B682FBEB}.Debug|Any CPU.Build.0 = Debug|Any CPU
		{C85B4233-B6E2-BDEC-68A9-D867B682FBEB}.Release|Any CPU.ActiveCfg = Release|Any CPU
		{C85B4233-B6E2-BDEC-68A9-D867B682FBEB}.Release|Any CPU.Build.0 = Release|Any CPU
		{238557A6-C14B-1ABD-27E6-E8EAEA795296}.Debug|Any CPU.ActiveCfg = Debug|Any CPU
		{238557A6-C14B-1ABD-27E6-E8EAEA795296}.Debug|Any CPU.Build.0 = Debug|Any CPU
		{238557A6-C14B-1ABD-27E6-E8EAEA795296}.Release|Any CPU.ActiveCfg = Release|Any CPU
		{238557A6-C14B-1ABD-27E6-E8EAEA795296}.Release|Any CPU.Build.0 = Release|Any CPU
		{6F135E9C-8A2E-82F4-6010-79CC8118DA3C}.Debug|Any CPU.ActiveCfg = Debug|Any CPU
		{6F135E9C-8A2E-82F4-6010-79CC8118DA3C}.Debug|Any CPU.Build.0 = Debug|Any CPU
		{6F135E9C-8A2E-82F4-6010-79CC8118DA3C}.Release|Any CPU.ActiveCfg = Release|Any CPU
		{6F135E9C-8A2E-82F4-6010-79CC8118DA3C}.Release|Any CPU.Build.0 = Release|Any CPU
		{4BB47102-357A-B4D2-D3C0-9FF87D6B284A}.Debug|Any CPU.ActiveCfg = Debug|Any CPU
		{4BB47102-357A-B4D2-D3C0-9FF87D6B284A}.Debug|Any CPU.Build.0 = Debug|Any CPU
		{4BB47102-357A-B4D2-D3C0-9FF87D6B284A}.Release|Any CPU.ActiveCfg = Release|Any CPU
		{4BB47102-357A-B4D2-D3C0-9FF87D6B284A}.Release|Any CPU.Build.0 = Release|Any CPU
		{40C131E3-9301-FF18-79F2-8F7A22721962}.Debug|Any CPU.ActiveCfg = Debug|Any CPU
		{40C131E3-9301-FF18-79F2-8F7A22721962}.Debug|Any CPU.Build.0 = Debug|Any CPU
		{40C131E3-9301-FF18-79F2-8F7A22721962}.Release|Any CPU.ActiveCfg = Release|Any CPU
		{40C131E3-9301-FF18-79F2-8F7A22721962}.Release|Any CPU.Build.0 = Release|Any CPU
		{BED731A8-02B5-F803-D3E1-EC8FBDE0B993}.Debug|Any CPU.ActiveCfg = Debug|Any CPU
		{BED731A8-02B5-F803-D3E1-EC8FBDE0B993}.Debug|Any CPU.Build.0 = Debug|Any CPU
		{BED731A8-02B5-F803-D3E1-EC8FBDE0B993}.Release|Any CPU.ActiveCfg = Release|Any CPU
		{BED731A8-02B5-F803-D3E1-EC8FBDE0B993}.Release|Any CPU.Build.0 = Release|Any CPU
		{F546562B-43DE-558E-8A87-94B1335BB461}.Debug|Any CPU.ActiveCfg = Debug|Any CPU
		{F546562B-43DE-558E-8A87-94B1335BB461}.Debug|Any CPU.Build.0 = Debug|Any CPU
		{F546562B-43DE-558E-8A87-94B1335BB461}.Release|Any CPU.ActiveCfg = Release|Any CPU
		{F546562B-43DE-558E-8A87-94B1335BB461}.Release|Any CPU.Build.0 = Release|Any CPU
		{420F4C26-44A0-81D2-1936-AF6975D5C90A}.Debug|Any CPU.ActiveCfg = Debug|Any CPU
		{420F4C26-44A0-81D2-1936-AF6975D5C90A}.Debug|Any CPU.Build.0 = Debug|Any CPU
		{420F4C26-44A0-81D2-1936-AF6975D5C90A}.Release|Any CPU.ActiveCfg = Release|Any CPU
		{420F4C26-44A0-81D2-1936-AF6975D5C90A}.Release|Any CPU.Build.0 = Release|Any CPU
		{2DBEE030-C52D-86DC-011C-9E6CD6948ADC}.Debug|Any CPU.ActiveCfg = Debug|Any CPU
		{2DBEE030-C52D-86DC-011C-9E6CD6948ADC}.Debug|Any CPU.Build.0 = Debug|Any CPU
		{2DBEE030-C52D-86DC-011C-9E6CD6948ADC}.Release|Any CPU.ActiveCfg = Release|Any CPU
		{2DBEE030-C52D-86DC-011C-9E6CD6948ADC}.Release|Any CPU.Build.0 = Release|Any CPU
		{FF93B054-DC4C-3D66-BDE8-9EABA9776044}.Debug|Any CPU.ActiveCfg = Debug|Any CPU
		{FF93B054-DC4C-3D66-BDE8-9EABA9776044}.Debug|Any CPU.Build.0 = Debug|Any CPU
		{FF93B054-DC4C-3D66-BDE8-9EABA9776044}.Release|Any CPU.ActiveCfg = Release|Any CPU
		{FF93B054-DC4C-3D66-BDE8-9EABA9776044}.Release|Any CPU.Build.0 = Release|Any CPU
		{4CBC0B4E-AD9A-4DC9-7228-9E34A95A5F34}.Debug|Any CPU.ActiveCfg = Debug|Any CPU
		{4CBC0B4E-AD9A-4DC9-7228-9E34A95A5F34}.Debug|Any CPU.Build.0 = Debug|Any CPU
		{4CBC0B4E-AD9A-4DC9-7228-9E34A95A5F34}.Release|Any CPU.ActiveCfg = Release|Any CPU
		{4CBC0B4E-AD9A-4DC9-7228-9E34A95A5F34}.Release|Any CPU.Build.0 = Release|Any CPU
		{E4803E3C-88FB-ACC9-4636-9EE93A2655CF}.Debug|Any CPU.ActiveCfg = Debug|Any CPU
		{E4803E3C-88FB-ACC9-4636-9EE93A2655CF}.Debug|Any CPU.Build.0 = Debug|Any CPU
		{E4803E3C-88FB-ACC9-4636-9EE93A2655CF}.Release|Any CPU.ActiveCfg = Release|Any CPU
		{E4803E3C-88FB-ACC9-4636-9EE93A2655CF}.Release|Any CPU.Build.0 = Release|Any CPU
		{0C201DB0-BBE1-669F-52D0-D90E754073E0}.Debug|Any CPU.ActiveCfg = Debug|Any CPU
		{0C201DB0-BBE1-669F-52D0-D90E754073E0}.Debug|Any CPU.Build.0 = Debug|Any CPU
		{0C201DB0-BBE1-669F-52D0-D90E754073E0}.Release|Any CPU.ActiveCfg = Release|Any CPU
		{0C201DB0-BBE1-669F-52D0-D90E754073E0}.Release|Any CPU.Build.0 = Release|Any CPU
		{6B42CB08-595A-CB41-4965-F377EB9EBDA9}.Debug|Any CPU.ActiveCfg = Debug|Any CPU
		{6B42CB08-595A-CB41-4965-F377EB9EBDA9}.Debug|Any CPU.Build.0 = Debug|Any CPU
		{6B42CB08-595A-CB41-4965-F377EB9EBDA9}.Release|Any CPU.ActiveCfg = Release|Any CPU
		{6B42CB08-595A-CB41-4965-F377EB9EBDA9}.Release|Any CPU.Build.0 = Release|Any CPU
		{B4E28158-B813-C00E-E491-9FA155A8BA64}.Debug|Any CPU.ActiveCfg = Debug|Any CPU
		{B4E28158-B813-C00E-E491-9FA155A8BA64}.Debug|Any CPU.Build.0 = Debug|Any CPU
		{B4E28158-B813-C00E-E491-9FA155A8BA64}.Release|Any CPU.ActiveCfg = Release|Any CPU
		{B4E28158-B813-C00E-E491-9FA155A8BA64}.Release|Any CPU.Build.0 = Release|Any CPU
		{304AE25E-AF8C-948C-BC45-37310FDD4F43}.Debug|Any CPU.ActiveCfg = Debug|Any CPU
		{304AE25E-AF8C-948C-BC45-37310FDD4F43}.Debug|Any CPU.Build.0 = Debug|Any CPU
		{304AE25E-AF8C-948C-BC45-37310FDD4F43}.Release|Any CPU.ActiveCfg = Release|Any CPU
		{304AE25E-AF8C-948C-BC45-37310FDD4F43}.Release|Any CPU.Build.0 = Release|Any CPU
		{12F33162-6943-B74D-59C6-93B4663C0499}.Debug|Any CPU.ActiveCfg = Debug|Any CPU
		{12F33162-6943-B74D-59C6-93B4663C0499}.Debug|Any CPU.Build.0 = Debug|Any CPU
		{12F33162-6943-B74D-59C6-93B4663C0499}.Release|Any CPU.ActiveCfg = Release|Any CPU
		{12F33162-6943-B74D-59C6-93B4663C0499}.Release|Any CPU.Build.0 = Release|Any CPU
		{5052076F-6664-C7F5-EE8E-1E6C19BD35BF}.Debug|Any CPU.ActiveCfg = Debug|Any CPU
		{5052076F-6664-C7F5-EE8E-1E6C19BD35BF}.Debug|Any CPU.Build.0 = Debug|Any CPU
		{5052076F-6664-C7F5-EE8E-1E6C19BD35BF}.Release|Any CPU.ActiveCfg = Release|Any CPU
		{5052076F-6664-C7F5-EE8E-1E6C19BD35BF}.Release|Any CPU.Build.0 = Release|Any CPU
		{57582067-6C8B-E26F-E54A-B3BB6900CB6D}.Debug|Any CPU.ActiveCfg = Debug|Any CPU
		{57582067-6C8B-E26F-E54A-B3BB6900CB6D}.Debug|Any CPU.Build.0 = Debug|Any CPU
		{57582067-6C8B-E26F-E54A-B3BB6900CB6D}.Release|Any CPU.ActiveCfg = Release|Any CPU
		{57582067-6C8B-E26F-E54A-B3BB6900CB6D}.Release|Any CPU.Build.0 = Release|Any CPU
		{FDE9B69F-F390-5AD6-78D3-C4EF33B7A187}.Debug|Any CPU.ActiveCfg = Debug|Any CPU
		{FDE9B69F-F390-5AD6-78D3-C4EF33B7A187}.Debug|Any CPU.Build.0 = Debug|Any CPU
		{FDE9B69F-F390-5AD6-78D3-C4EF33B7A187}.Release|Any CPU.ActiveCfg = Release|Any CPU
		{FDE9B69F-F390-5AD6-78D3-C4EF33B7A187}.Release|Any CPU.Build.0 = Release|Any CPU
		{78B00993-8E5E-CDD5-CD90-4223790E37DE}.Debug|Any CPU.ActiveCfg = Debug|Any CPU
		{78B00993-8E5E-CDD5-CD90-4223790E37DE}.Debug|Any CPU.Build.0 = Debug|Any CPU
		{78B00993-8E5E-CDD5-CD90-4223790E37DE}.Release|Any CPU.ActiveCfg = Release|Any CPU
		{78B00993-8E5E-CDD5-CD90-4223790E37DE}.Release|Any CPU.Build.0 = Release|Any CPU
	EndGlobalSection
	GlobalSection(SolutionProperties) = preSolution
		HideSolutionNode = FALSE
	EndGlobalSection
EndGlobal
